
Microsoft Visual Studio Solution File, Format Version 12.00
# Visual Studio 15
Project("{FAE04EC0-301F-11D3-BF4B-00C04F79EFBC}") = "Car-VR", "Assembly-CSharp.csproj", "{56206433-D6AB-BAAC-E290-62E638D5581A}"
EndProject
Project("{FAE04EC0-301F-11D3-BF4B-00C04F79EFBC}") = "Car-VR", "Assembly-CSharp-Editor.csproj", "{72FF53C9-2234-3170-7F6D-B17C9A310649}"
EndProject
Global
	GlobalSection(SolutionConfigurationPlatforms) = preSolution
		Debug|Any CPU = Debug|Any CPU
		Release|Any CPU = Release|Any CPU
	EndGlobalSection
	GlobalSection(ProjectConfigurationPlatforms) = postSolution
		{56206433-D6AB-BAAC-E290-62E638D5581A}.Debug|Any CPU.ActiveCfg = Debug|Any CPU
		{56206433-D6AB-BAAC-E290-62E638D5581A}.Debug|Any CPU.Build.0 = Debug|Any CPU
		{56206433-D6AB-BAAC-E290-62E638D5581A}.Release|Any CPU.ActiveCfg = Release|Any CPU
		{56206433-D6AB-BAAC-E290-62E638D5581A}.Release|Any CPU.Build.0 = Release|Any CPU
		{72FF53C9-2234-3170-7F6D-B17C9A310649}.Debug|Any CPU.ActiveCfg = Debug|Any CPU
		{72FF53C9-2234-3170-7F6D-B17C9A310649}.Debug|Any CPU.Build.0 = Debug|Any CPU
		{72FF53C9-2234-3170-7F6D-B17C9A310649}.Release|Any CPU.ActiveCfg = Release|Any CPU
		{72FF53C9-2234-3170-7F6D-B17C9A310649}.Release|Any CPU.Build.0 = Release|Any CPU
	EndGlobalSection
	GlobalSection(SolutionProperties) = preSolution
		HideSolutionNode = FALSE
	EndGlobalSection
EndGlobal
